
Microsoft Visual Studio Solution File, Format Version 12.00
# Visual Studio Version 16
VisualStudioVersion = 16.0.30104.148
MinimumVisualStudioVersion = 10.0.40219.1
Project("{FAE04EC0-301F-11D3-BF4B-00C04F79EFBC}") = "WebAPI", "WebAPI\WebAPI.csproj", "{EF443336-0496-4A6A-8348-476C6D6A1221}"
EndProject
Global
	GlobalSection(SolutionConfigurationPlatforms) = preSolution
		Debug|Any CPU = Debug|Any CPU
		Release|Any CPU = Release|Any CPU
	EndGlobalSection
	GlobalSection(ProjectConfigurationPlatforms) = postSolution
		{EF443336-0496-4A6A-8348-476C6D6A1221}.Debug|Any CPU.ActiveCfg = Debug|Any CPU
		{EF443336-0496-4A6A-8348-476C6D6A1221}.Debug|Any CPU.Build.0 = Debug|Any CPU
		{EF443336-0496-4A6A-8348-476C6D6A1221}.Release|Any CPU.ActiveCfg = Release|Any CPU
		{EF443336-0496-4A6A-8348-476C6D6A1221}.Release|Any CPU.Build.0 = Release|Any CPU
	EndGlobalSection
	GlobalSection(SolutionProperties) = preSolution
		HideSolutionNode = FALSE
	EndGlobalSection
	GlobalSection(ExtensibilityGlobals) = postSolution
		SolutionGuid = {5452B68E-F633-4E74-BB3E-7B0B63A14819}
	EndGlobalSection
EndGlobal
